<?xml version="1.0" encoding="utf-8"?>
<Project ToolsVersion="4.0" xmlns="http://schemas.microsoft.com/developer/msbuild/2003">
  <ItemGroup>
    <Filter Include="Source Files">
      <UniqueIdentifier>{4FC737F1-C7A5-4376-A066-2A32D752A2FF}</UniqueIdentifier>
      <Extensions>cpp;c;cc;cxx;def;odl;idl;hpj;bat;asm;asmx</Extensions>
    </Filter>
    <Filter Include="Header Files">
      <UniqueIdentifier>{93995380-89BD-4b04-88EB-625FBE52EBFB}</UniqueIdentifier>
      <Extensions>h;hh;hpp;hxx;hm;inl;inc;ipp;xsd</Extensions>
    </Filter>
    <Filter Include="Resource Files">
      <UniqueIdentifier>{67DA6AB6-F800-4c08-8B7A-83BB121AAD01}</UniqueIdentifier>
      <Extensions>rc;ico;cur;bmp;dlg;rc2;rct;bin;rgs;gif;jpg;jpeg;jpe;resx;tiff;tif;png;wav;mfcribbon-ms</Extensions>
    </Filter>
    <Filter Include="Header Files\Core">
      <UniqueIdentifier>{b907653f-33ee-4096-b29f-4236999ffe48}</UniqueIdentifier>
    </Filter>
    <Filter Include="Header Files\Utils">
      <UniqueIdentifier>{68c7ef81-b394-4de0-aff6-6445ef5b0f48}</UniqueIdentifier>
    </Filter>
    <Filter Include="Header Files\Entities">
      <UniqueIdentifier>{f74054d6-7a61-48bc-8776-26070dc6905e}</UniqueIdentifier>
    </Filter>
    <Filter Include="Header Files\Network">
      <UniqueIdentifier>{ad47e984-c551-4a6f-ba06-e2e36f3408f3}</UniqueIdentifier>
    </Filter>
    <Filter Include="Source Files\Core">
      <UniqueIdentifier>{57246652-c127-495e-aec0-1593653bf3a2}</UniqueIdentifier>
    </Filter>
    <Filter Include="Source Files\Entities">
      <UniqueIdentifier>{72ac0f23-9273-4746-b987-9bab9107d63f}</UniqueIdentifier>
    </Filter>
    <Filter Include="Source Files\Network">
      <UniqueIdentifier>{89fb1f1e-4037-40e5-9310-a2aef671cf2e}</UniqueIdentifier>
    </Filter>
    <Filter Include="Source Files\Utils">
      <UniqueIdentifier>{627a4819-d91a-4629-9c2b-6b9eebd35ccd}</UniqueIdentifier>
    </Filter>
  </ItemGroup>
  <ItemGroup>
    <ClCompile Include="main.cpp">
      <Filter>Source Files</Filter>
    </ClCompile>
    <ClCompile Include="src/Utils/Animation.cpp">
      <Filter>Source Files\Utils</Filter>
    </ClCompile>
    <ClCompile Include="src/Entities/Card.cpp">
      <Filter>Source Files\Entities</Filter>
    </ClCompile>
    <ClCompile Include="src/Entities/Deck.cpp">
      <Filter>Source Files\Entities</Filter>
    </ClCompile>
    <ClCompile Include="src/Entities/Player.cpp">
      <Filter>Source Files\Entities</Filter>
    </ClCompile>
    <ClCompile Include="src/Entities/Popup.cpp">
      <Filter>Source Files\Entities</Filter>
    </ClCompile>
    <ClCompile Include="src/Entities/Timer.cpp">
      <Filter>Source Files\Entities</Filter>
    </ClCompile>
    <ClCompile Include="src/Core/Game.cpp">
      <Filter>Source Files\Core</Filter>
    </ClCompile>
    <ClCompile Include="src/Core/GameLogic.cpp">
      <Filter>Source Files\Core</Filter>
    </ClCompile>
    <ClCompile Include="src/Core/Lobby.cpp">
      <Filter>Source Files\Core</Filter>
    </ClCompile>
    <ClCompile Include="src/Core/Login.cpp">
      <Filter>Source Files\Core</Filter>
    </ClCompile>
    <ClCompile Include="src/Core/Tablet.cpp">
      <Filter>Source Files\Core</Filter>
    </ClCompile>
    <ClCompile Include="src/Network/Network.cpp">
      <Filter>Source Files\Network</Filter>
    </ClCompile>
    <ClCompile Include="src/Utils/Sound.cpp">
      <Filter>Source Files\Utils</Filter>
    </ClCompile>
    <ClCompile Include="src/Core/VictoryScreen.cpp">
      <Filter>Source Files\Core</Filter>
    </ClCompile>
  </ItemGroup>
  <ItemGroup>
    <ClInclude Include="include/Core/Game.h">
      <Filter>Header Files\Core</Filter>
    </ClInclude>
    <ClInclude Include="include/Core/GameLogic.h">
      <Filter>Header Files\Core</Filter>
    </ClInclude>
    <ClInclude Include="include/Core/GameState.h">
      <Filter>Header Files\Core</Filter>
    </ClInclude>
    <ClInclude Include="include/Core/Tablet.h">
      <Filter>Header Files\Core</Filter>
    </ClInclude>
    <ClInclude Include="include/Core/Lobby.h">
      <Filter>Header Files\Core</Filter>
    </ClInclude>
    <ClInclude Include="include/Core/Login.h">
      <Filter>Header Files\Core</Filter>
    </ClInclude>
    <ClInclude Include="include/Utils/Animation.h">
      <Filter>Header Files\Utils</Filter>
    </ClInclude>
    <ClInclude Include="include/Utils/ColorMap.h">
      <Filter>Header Files\Utils</Filter>
    </ClInclude>
    <ClInclude Include="include/Entities/Card.h">
      <Filter>Header Files\Entities</Filter>
    </ClInclude>
    <ClInclude Include="include/Entities/Deck.h">
      <Filter>Header Files\Entities</Filter>
    </ClInclude>
    <ClInclude Include="include/Entities/Player.h">
      <Filter>Header Files\Entities</Filter>
    </ClInclude>
    <ClInclude Include="include/Entities/Timer.h">
      <Filter>Header Files\Entities</Filter>
    </ClInclude>
    <ClInclude Include="include/Entities/Popup.h">
      <Filter>Header Files\Entities</Filter>
    </ClInclude>
    <ClInclude Include="include/Network/Network.h">
      <Filter>Header Files\Network</Filter>
    </ClInclude>
    <ClInclude Include="include/Utils/Sound.h">
      <Filter>Header Files\Utils</Filter>
    </ClInclude>
    <ClInclude Include="include/Core/VictoryScreen.h">
      <Filter>Header Files\Core</Filter>
    </ClInclude>
  </ItemGroup>
</Project>